
Microsoft Visual Studio Solution File, Format Version 12.00
# Visual Studio Version 17
VisualStudioVersion = 17.5.33502.453
MinimumVisualStudioVersion = 10.0.40219.1
Project("{FAE04EC0-301F-11D3-BF4B-00C04F79EFBC}") = "ChatNetCore", "ChatNetCore.csproj", "{A80E7576-6B0B-4D88-8F01-BBE778E2118D}"
EndProject
Global
	GlobalSection(SolutionConfigurationPlatforms) = preSolution
		Debug|Any CPU = Debug|Any CPU
		Release|Any CPU = Release|Any CPU
	EndGlobalSection
	GlobalSection(ProjectConfigurationPlatforms) = postSolution
		{A80E7576-6B0B-4D88-8F01-BBE778E2118D}.Debug|Any CPU.ActiveCfg = Debug|Any CPU
		{A80E7576-6B0B-4D88-8F01-BBE778E2118D}.Debug|Any CPU.Build.0 = Debug|Any CPU
		{A80E7576-6B0B-4D88-8F01-BBE778E2118D}.Release|Any CPU.ActiveCfg = Release|Any CPU
		{A80E7576-6B0B-4D88-8F01-BBE778E2118D}.Release|Any CPU.Build.0 = Release|Any CPU
	EndGlobalSection
	GlobalSection(SolutionProperties) = preSolution
		HideSolutionNode = FALSE
	EndGlobalSection
	GlobalSection(ExtensibilityGlobals) = postSolution
		SolutionGuid = {94F85C41-AC5D-4FFF-AA3B-14317D661928}
	EndGlobalSection
EndGlobal
