
Microsoft Visual Studio Solution File, Format Version 12.00
# Visual Studio Version 17
VisualStudioVersion = 17.5.33502.453
MinimumVisualStudioVersion = 10.0.40219.1
Project("{9A19103F-16F7-4668-BE54-9A1E7A4F7556}") = "ChatNetCore", "src\web\ChatNetCore.csproj", "{8900FCC1-0C18-4003-ADA6-CCDFA9F61E19}"
EndProject
Project("{FAE04EC0-301F-11D3-BF4B-00C04F79EFBC}") = "Data", "src\data\Data\Data.csproj", "{5FEBC309-C581-49BB-8A06-30C37ED38A6E}"
EndProject
Project("{FAE04EC0-301F-11D3-BF4B-00C04F79EFBC}") = "Business", "src\business\Business\Business.csproj", "{D865B914-284D-44A0-9790-9CDAEBDE7B02}"
EndProject
Project("{FAE04EC0-301F-11D3-BF4B-00C04F79EFBC}") = "Messaging", "src\messaging\Messaging\Messaging.csproj", "{36F27445-F755-4886-B114-9C47F9A6CB6A}"
EndProject
Global
	GlobalSection(SolutionConfigurationPlatforms) = preSolution
		Debug|Any CPU = Debug|Any CPU
		Release|Any CPU = Release|Any CPU
	EndGlobalSection
	GlobalSection(ProjectConfigurationPlatforms) = postSolution
		{8900FCC1-0C18-4003-ADA6-CCDFA9F61E19}.Debug|Any CPU.ActiveCfg = Debug|Any CPU
		{8900FCC1-0C18-4003-ADA6-CCDFA9F61E19}.Debug|Any CPU.Build.0 = Debug|Any CPU
		{8900FCC1-0C18-4003-ADA6-CCDFA9F61E19}.Release|Any CPU.ActiveCfg = Release|Any CPU
		{8900FCC1-0C18-4003-ADA6-CCDFA9F61E19}.Release|Any CPU.Build.0 = Release|Any CPU
		{5FEBC309-C581-49BB-8A06-30C37ED38A6E}.Debug|Any CPU.ActiveCfg = Debug|Any CPU
		{5FEBC309-C581-49BB-8A06-30C37ED38A6E}.Debug|Any CPU.Build.0 = Debug|Any CPU
		{5FEBC309-C581-49BB-8A06-30C37ED38A6E}.Release|Any CPU.ActiveCfg = Release|Any CPU
		{5FEBC309-C581-49BB-8A06-30C37ED38A6E}.Release|Any CPU.Build.0 = Release|Any CPU
		{D865B914-284D-44A0-9790-9CDAEBDE7B02}.Debug|Any CPU.ActiveCfg = Debug|Any CPU
		{D865B914-284D-44A0-9790-9CDAEBDE7B02}.Debug|Any CPU.Build.0 = Debug|Any CPU
		{D865B914-284D-44A0-9790-9CDAEBDE7B02}.Release|Any CPU.ActiveCfg = Release|Any CPU
		{D865B914-284D-44A0-9790-9CDAEBDE7B02}.Release|Any CPU.Build.0 = Release|Any CPU
		{36F27445-F755-4886-B114-9C47F9A6CB6A}.Debug|Any CPU.ActiveCfg = Debug|Any CPU
		{36F27445-F755-4886-B114-9C47F9A6CB6A}.Debug|Any CPU.Build.0 = Debug|Any CPU
		{36F27445-F755-4886-B114-9C47F9A6CB6A}.Release|Any CPU.ActiveCfg = Release|Any CPU
		{36F27445-F755-4886-B114-9C47F9A6CB6A}.Release|Any CPU.Build.0 = Release|Any CPU
	EndGlobalSection
	GlobalSection(SolutionProperties) = preSolution
		HideSolutionNode = FALSE
	EndGlobalSection
	GlobalSection(ExtensibilityGlobals) = postSolution
		SolutionGuid = {94F85C41-AC5D-4FFF-AA3B-14317D661928}
	EndGlobalSection
EndGlobal
